
Microsoft Visual Studio Solution File, Format Version 12.00
# Visual Studio Version 16
VisualStudioVersion = 16.0.29519.87
MinimumVisualStudioVersion = 10.0.40219.1
Project("{FAE04EC0-301F-11D3-BF4B-00C04F79EFBC}") = "project", "project\project.csproj", "{D31A1D2A-1B72-47C0-B543-CB427E1DA686}"
EndProject
Global
	GlobalSection(SolutionConfigurationPlatforms) = preSolution
		Debug|Any CPU = Debug|Any CPU
		Release|Any CPU = Release|Any CPU
	EndGlobalSection
	GlobalSection(ProjectConfigurationPlatforms) = postSolution
		{D31A1D2A-1B72-47C0-B543-CB427E1DA686}.Debug|Any CPU.ActiveCfg = Debug|Any CPU
		{D31A1D2A-1B72-47C0-B543-CB427E1DA686}.Debug|Any CPU.Build.0 = Debug|Any CPU
		{D31A1D2A-1B72-47C0-B543-CB427E1DA686}.Release|Any CPU.ActiveCfg = Release|Any CPU
		{D31A1D2A-1B72-47C0-B543-CB427E1DA686}.Release|Any CPU.Build.0 = Release|Any CPU
	EndGlobalSection
	GlobalSection(SolutionProperties) = preSolution
		HideSolutionNode = FALSE
	EndGlobalSection
	GlobalSection(ExtensibilityGlobals) = postSolution
		SolutionGuid = {9BEF0AB8-70A5-40C9-9D0C-D886EBF7F593}
	EndGlobalSection
EndGlobal
